
Microsoft Visual Studio Solution File, Format Version 12.00
# Visual Studio 15
VisualStudioVersion = 15.0.28307.271
MinimumVisualStudioVersion = 10.0.40219.1
Project("{FAE04EC0-301F-11D3-BF4B-00C04F79EFBC}") = "Assignment7", "Assignment7\Assignment7.csproj", "{839345D1-E0D2-4D2E-9545-D96DDB5A9CA1}"
EndProject
Global
	GlobalSection(SolutionConfigurationPlatforms) = preSolution
		Debug|Any CPU = Debug|Any CPU
		Release|Any CPU = Release|Any CPU
	EndGlobalSection
	GlobalSection(ProjectConfigurationPlatforms) = postSolution
		{839345D1-E0D2-4D2E-9545-D96DDB5A9CA1}.Debug|Any CPU.ActiveCfg = Debug|Any CPU
		{839345D1-E0D2-4D2E-9545-D96DDB5A9CA1}.Debug|Any CPU.Build.0 = Debug|Any CPU
		{839345D1-E0D2-4D2E-9545-D96DDB5A9CA1}.Release|Any CPU.ActiveCfg = Release|Any CPU
		{839345D1-E0D2-4D2E-9545-D96DDB5A9CA1}.Release|Any CPU.Build.0 = Release|Any CPU
	EndGlobalSection
	GlobalSection(SolutionProperties) = preSolution
		HideSolutionNode = FALSE
	EndGlobalSection
	GlobalSection(ExtensibilityGlobals) = postSolution
		SolutionGuid = {DBA848D0-2A1E-4096-84F3-CBC3832036C1}
	EndGlobalSection
EndGlobal
